
Microsoft Visual Studio Solution File, Format Version 12.00
# Visual Studio Version 16
VisualStudioVersion = 16.0.30717.126
MinimumVisualStudioVersion = 10.0.40219.1
Project("{9A19103F-16F7-4668-BE54-9A1E7A4F7556}") = "EComerence.Api", "EComerence.Api\EComerence.Api.csproj", "{7E7C2C79-DDF8-48B1-887E-610C434AC055}"
	ProjectSection(ProjectDependencies) = postProject
		{479837C9-B85A-4F3D-959A-B5B71AC1ECAC} = {479837C9-B85A-4F3D-959A-B5B71AC1ECAC}
	EndProjectSection
EndProject
Project("{9A19103F-16F7-4668-BE54-9A1E7A4F7556}") = "EComerence.Core", "EComerence.Core\EComerence.Core.csproj", "{B3691BD5-0868-49BE-BA8F-950620EC9CB5}"
EndProject
Project("{9A19103F-16F7-4668-BE54-9A1E7A4F7556}") = "EComerence.Infrastructure", "EComerence.Infrastructure\EComerence.Infrastructure.csproj", "{479837C9-B85A-4F3D-959A-B5B71AC1ECAC}"
	ProjectSection(ProjectDependencies) = postProject
		{B3691BD5-0868-49BE-BA8F-950620EC9CB5} = {B3691BD5-0868-49BE-BA8F-950620EC9CB5}
	EndProjectSection
EndProject
Global
	GlobalSection(SolutionConfigurationPlatforms) = preSolution
		Debug|Any CPU = Debug|Any CPU
		Release|Any CPU = Release|Any CPU
	EndGlobalSection
	GlobalSection(ProjectConfigurationPlatforms) = postSolution
		{7E7C2C79-DDF8-48B1-887E-610C434AC055}.Debug|Any CPU.ActiveCfg = Debug|Any CPU
		{7E7C2C79-DDF8-48B1-887E-610C434AC055}.Debug|Any CPU.Build.0 = Debug|Any CPU
		{7E7C2C79-DDF8-48B1-887E-610C434AC055}.Release|Any CPU.ActiveCfg = Release|Any CPU
		{7E7C2C79-DDF8-48B1-887E-610C434AC055}.Release|Any CPU.Build.0 = Release|Any CPU
		{B3691BD5-0868-49BE-BA8F-950620EC9CB5}.Debug|Any CPU.ActiveCfg = Debug|Any CPU
		{B3691BD5-0868-49BE-BA8F-950620EC9CB5}.Debug|Any CPU.Build.0 = Debug|Any CPU
		{B3691BD5-0868-49BE-BA8F-950620EC9CB5}.Release|Any CPU.ActiveCfg = Release|Any CPU
		{B3691BD5-0868-49BE-BA8F-950620EC9CB5}.Release|Any CPU.Build.0 = Release|Any CPU
		{479837C9-B85A-4F3D-959A-B5B71AC1ECAC}.Debug|Any CPU.ActiveCfg = Debug|Any CPU
		{479837C9-B85A-4F3D-959A-B5B71AC1ECAC}.Debug|Any CPU.Build.0 = Debug|Any CPU
		{479837C9-B85A-4F3D-959A-B5B71AC1ECAC}.Release|Any CPU.ActiveCfg = Release|Any CPU
		{479837C9-B85A-4F3D-959A-B5B71AC1ECAC}.Release|Any CPU.Build.0 = Release|Any CPU
	EndGlobalSection
	GlobalSection(SolutionProperties) = preSolution
		HideSolutionNode = FALSE
	EndGlobalSection
	GlobalSection(ExtensibilityGlobals) = postSolution
		SolutionGuid = {321397E7-E028-4520-8B3C-BE162E9EB33E}
	EndGlobalSection
EndGlobal
